
Microsoft Visual Studio Solution File, Format Version 11.00
# Visual Studio 2010
Project("{FAE04EC0-301F-11D3-BF4B-00C04F79EFBC}") = "Unity.ML-Agents", "Unity.ML-Agents.csproj", "{7a4e9241-60f4-e14e-486b-2d56513c4ce9}"
EndProject
Project("{FAE04EC0-301F-11D3-BF4B-00C04F79EFBC}") = "Crest", "Crest.csproj", "{62590648-faa6-3d1e-4051-3f2553284b0e}"
EndProject
Project("{FAE04EC0-301F-11D3-BF4B-00C04F79EFBC}") = "Assembly-CSharp-firstpass", "Assembly-CSharp-firstpass.csproj", "{d9c1b240-4df7-a494-8e66-2ec358b62c77}"
EndProject
Project("{FAE04EC0-301F-11D3-BF4B-00C04F79EFBC}") = "Unity.ML-Agents.CommunicatorObjects", "Unity.ML-Agents.CommunicatorObjects.csproj", "{e0dc3d30-2fbe-9d08-1b7b-efb87293c9b5}"
EndProject
Project("{FAE04EC0-301F-11D3-BF4B-00C04F79EFBC}") = "Assembly-CSharp", "Assembly-CSharp.csproj", "{738a0fb4-833e-7425-b440-a3fd8717ffb6}"
EndProject
Project("{FAE04EC0-301F-11D3-BF4B-00C04F79EFBC}") = "Assembly-CSharp-Editor-firstpass", "Assembly-CSharp-Editor-firstpass.csproj", "{19032717-4628-842f-b1d0-f692f2588789}"
EndProject
Project("{FAE04EC0-301F-11D3-BF4B-00C04F79EFBC}") = "Unity.ML-Agents.Editor", "Unity.ML-Agents.Editor.csproj", "{6b9aae79-688f-6ff7-ed75-9bb52041d22d}"
EndProject
Project("{FAE04EC0-301F-11D3-BF4B-00C04F79EFBC}") = "Crest.Helpers.Editor", "Crest.Helpers.Editor.csproj", "{8aaea2cc-29ac-c0af-5428-13d1609dec42}"
EndProject
Project("{FAE04EC0-301F-11D3-BF4B-00C04F79EFBC}") = "Unity.ML-Agents.Runtime.Sensor.Tests", "Unity.ML-Agents.Runtime.Sensor.Tests.csproj", "{49d53ac3-422a-dcc8-34fa-bd87fb1739ce}"
EndProject
Project("{FAE04EC0-301F-11D3-BF4B-00C04F79EFBC}") = "Unity.ML-Agents.Editor.Tests", "Unity.ML-Agents.Editor.Tests.csproj", "{607d8e9a-99ba-abde-a7a2-62ec18c55e32}"
EndProject
Project("{FAE04EC0-301F-11D3-BF4B-00C04F79EFBC}") = "Unity.ML-Agents.Runtime.Tests", "Unity.ML-Agents.Runtime.Tests.csproj", "{044290c9-569e-5b72-ff09-f5599343d331}"
EndProject
Project("{FAE04EC0-301F-11D3-BF4B-00C04F79EFBC}") = "Unity.ML-Agents.Runtime.Utils.Tests", "Unity.ML-Agents.Runtime.Utils.Tests.csproj", "{d0b75962-9bc0-284f-ff6e-143a50e67954}"
EndProject
Project("{FAE04EC0-301F-11D3-BF4B-00C04F79EFBC}") = "Unity.ML-Agents.Editor.Tests.PublicAPI", "Unity.ML-Agents.Editor.Tests.PublicAPI.csproj", "{6bb8dc37-8e73-db8c-a175-5bbfdbe67aca}"
EndProject
Global
	GlobalSection(SolutionConfigurationPlatforms) = preSolution
		Debug|Any CPU = Debug|Any CPU
	EndGlobalSection
	GlobalSection(ProjectConfigurationPlatforms) = postSolution
		{7a4e9241-60f4-e14e-486b-2d56513c4ce9}.Debug|Any CPU.ActiveCfg = Debug|Any CPU
		{7a4e9241-60f4-e14e-486b-2d56513c4ce9}.Debug|Any CPU.Build.0 = Debug|Any CPU
		{62590648-faa6-3d1e-4051-3f2553284b0e}.Debug|Any CPU.ActiveCfg = Debug|Any CPU
		{62590648-faa6-3d1e-4051-3f2553284b0e}.Debug|Any CPU.Build.0 = Debug|Any CPU
		{d9c1b240-4df7-a494-8e66-2ec358b62c77}.Debug|Any CPU.ActiveCfg = Debug|Any CPU
		{d9c1b240-4df7-a494-8e66-2ec358b62c77}.Debug|Any CPU.Build.0 = Debug|Any CPU
		{e0dc3d30-2fbe-9d08-1b7b-efb87293c9b5}.Debug|Any CPU.ActiveCfg = Debug|Any CPU
		{e0dc3d30-2fbe-9d08-1b7b-efb87293c9b5}.Debug|Any CPU.Build.0 = Debug|Any CPU
		{738a0fb4-833e-7425-b440-a3fd8717ffb6}.Debug|Any CPU.ActiveCfg = Debug|Any CPU
		{738a0fb4-833e-7425-b440-a3fd8717ffb6}.Debug|Any CPU.Build.0 = Debug|Any CPU
		{19032717-4628-842f-b1d0-f692f2588789}.Debug|Any CPU.ActiveCfg = Debug|Any CPU
		{19032717-4628-842f-b1d0-f692f2588789}.Debug|Any CPU.Build.0 = Debug|Any CPU
		{6b9aae79-688f-6ff7-ed75-9bb52041d22d}.Debug|Any CPU.ActiveCfg = Debug|Any CPU
		{6b9aae79-688f-6ff7-ed75-9bb52041d22d}.Debug|Any CPU.Build.0 = Debug|Any CPU
		{8aaea2cc-29ac-c0af-5428-13d1609dec42}.Debug|Any CPU.ActiveCfg = Debug|Any CPU
		{8aaea2cc-29ac-c0af-5428-13d1609dec42}.Debug|Any CPU.Build.0 = Debug|Any CPU
		{49d53ac3-422a-dcc8-34fa-bd87fb1739ce}.Debug|Any CPU.ActiveCfg = Debug|Any CPU
		{49d53ac3-422a-dcc8-34fa-bd87fb1739ce}.Debug|Any CPU.Build.0 = Debug|Any CPU
		{607d8e9a-99ba-abde-a7a2-62ec18c55e32}.Debug|Any CPU.ActiveCfg = Debug|Any CPU
		{607d8e9a-99ba-abde-a7a2-62ec18c55e32}.Debug|Any CPU.Build.0 = Debug|Any CPU
		{044290c9-569e-5b72-ff09-f5599343d331}.Debug|Any CPU.ActiveCfg = Debug|Any CPU
		{044290c9-569e-5b72-ff09-f5599343d331}.Debug|Any CPU.Build.0 = Debug|Any CPU
		{d0b75962-9bc0-284f-ff6e-143a50e67954}.Debug|Any CPU.ActiveCfg = Debug|Any CPU
		{d0b75962-9bc0-284f-ff6e-143a50e67954}.Debug|Any CPU.Build.0 = Debug|Any CPU
		{6bb8dc37-8e73-db8c-a175-5bbfdbe67aca}.Debug|Any CPU.ActiveCfg = Debug|Any CPU
		{6bb8dc37-8e73-db8c-a175-5bbfdbe67aca}.Debug|Any CPU.Build.0 = Debug|Any CPU
	EndGlobalSection
	GlobalSection(SolutionProperties) = preSolution
		HideSolutionNode = FALSE
	EndGlobalSection
EndGlobal
